
Microsoft Visual Studio Solution File, Format Version 12.00
# Visual Studio Version 17
VisualStudioVersion = 17.7.34031.279
MinimumVisualStudioVersion = 10.0.40219.1
Project("{FAE04EC0-301F-11D3-BF4B-00C04F79EFBC}") = "NetWebAPI", "NetWebAPI.csproj", "{C3952799-C4FF-42FD-B0B1-92E03879EF41}"
EndProject
Global
	GlobalSection(SolutionConfigurationPlatforms) = preSolution
		Debug|Any CPU = Debug|Any CPU
		Release|Any CPU = Release|Any CPU
	EndGlobalSection
	GlobalSection(ProjectConfigurationPlatforms) = postSolution
		{C3952799-C4FF-42FD-B0B1-92E03879EF41}.Debug|Any CPU.ActiveCfg = Debug|Any CPU
		{C3952799-C4FF-42FD-B0B1-92E03879EF41}.Debug|Any CPU.Build.0 = Debug|Any CPU
		{C3952799-C4FF-42FD-B0B1-92E03879EF41}.Release|Any CPU.ActiveCfg = Release|Any CPU
		{C3952799-C4FF-42FD-B0B1-92E03879EF41}.Release|Any CPU.Build.0 = Release|Any CPU
	EndGlobalSection
	GlobalSection(SolutionProperties) = preSolution
		HideSolutionNode = FALSE
	EndGlobalSection
	GlobalSection(ExtensibilityGlobals) = postSolution
		SolutionGuid = {D3452672-97D5-425E-BDDF-AFD4163FCDB6}
	EndGlobalSection
EndGlobal
